// !$*UTF8*$!
{
	archiveVersion = 1;
	classes = {
	};
	objectVersion = 50;
	objects = {

/* Begin PBXBuildFile section */
		2497616D2813D42D00040589 /* AppDelegate.swift in Sources */ = {isa = PBXBuildFile; fileRef = 2497616C2813D42D00040589 /* AppDelegate.swift */; };
		2497616F2813D42D00040589 /* SceneDelegate.swift in Sources */ = {isa = PBXBuildFile; fileRef = 2497616E2813D42D00040589 /* SceneDelegate.swift */; };
		249761712813D42D00040589 /* ViewController.swift in Sources */ = {isa = PBXBuildFile; fileRef = 249761702813D42D00040589 /* ViewController.swift */; };
		249761742813D42D00040589 /* Main.storyboard in Resources */ = {isa = PBXBuildFile; fileRef = 249761722813D42D00040589 /* Main.storyboard */; };
		249761762813D42F00040589 /* Assets.xcassets in Resources */ = {isa = PBXBuildFile; fileRef = 249761752813D42F00040589 /* Assets.xcassets */; };
		249761792813D42F00040589 /* LaunchScreen.storyboard in Resources */ = {isa = PBXBuildFile; fileRef = 249761772813D42F00040589 /* LaunchScreen.storyboard */; };
		249761822813D5DF00040589 /* CalculatorViewController.swift in Sources */ = {isa = PBXBuildFile; fileRef = 249761812813D5DF00040589 /* CalculatorViewController.swift */; };
		249761852813D6D100040589 /* KeyboardViewController.swift in Sources */ = {isa = PBXBuildFile; fileRef = 249761842813D6D100040589 /* KeyboardViewController.swift */; };
		249761892813D6EB00040589 /* BoardViewController.swift in Sources */ = {isa = PBXBuildFile; fileRef = 249761882813D6EB00040589 /* BoardViewController.swift */; };
		2497618D2813DB3B00040589 /* KeyCollectionViewCell.swift in Sources */ = {isa = PBXBuildFile; fileRef = 2497618C2813DB3B00040589 /* KeyCollectionViewCell.swift */; };
		24C301EF2817BAC300C59A4A /* Nunito-ExtraBoldItalic.ttf in Resources */ = {isa = PBXBuildFile; fileRef = 24C301E02817BAC200C59A4A /* Nunito-ExtraBoldItalic.ttf */; };
		24C301F02817BAC300C59A4A /* Nunito-ExtraBold.ttf in Resources */ = {isa = PBXBuildFile; fileRef = 24C301E12817BAC200C59A4A /* Nunito-ExtraBold.ttf */; };
		24C301F12817BAC300C59A4A /* Nunito-ExtraLightItalic.ttf in Resources */ = {isa = PBXBuildFile; fileRef = 24C301E22817BAC200C59A4A /* Nunito-ExtraLightItalic.ttf */; };
		24C301F22817BAC300C59A4A /* Nunito-Light.ttf in Resources */ = {isa = PBXBuildFile; fileRef = 24C301E32817BAC200C59A4A /* Nunito-Light.ttf */; };
		24C301F32817BAC300C59A4A /* Nunito-Regular.ttf in Resources */ = {isa = PBXBuildFile; fileRef = 24C301E42817BAC200C59A4A /* Nunito-Regular.ttf */; };
		24C301F42817BAC300C59A4A /* Nunito-SemiBold.ttf in Resources */ = {isa = PBXBuildFile; fileRef = 24C301E52817BAC200C59A4A /* Nunito-SemiBold.ttf */; };
		24C301F52817BAC300C59A4A /* Nunito-Bold.ttf in Resources */ = {isa = PBXBuildFile; fileRef = 24C301E62817BAC200C59A4A /* Nunito-Bold.ttf */; };
		24C301F62817BAC300C59A4A /* Nunito-BoldItalic.ttf in Resources */ = {isa = PBXBuildFile; fileRef = 24C301E72817BAC200C59A4A /* Nunito-BoldItalic.ttf */; };
		24C301F72817BAC300C59A4A /* Nunito-Black.ttf in Resources */ = {isa = PBXBuildFile; fileRef = 24C301E82817BAC200C59A4A /* Nunito-Black.ttf */; };
		24C301F82817BAC300C59A4A /* Nunito-ExtraLight.ttf in Resources */ = {isa = PBXBuildFile; fileRef = 24C301E92817BAC200C59A4A /* Nunito-ExtraLight.ttf */; };
		24C301F92817BAC300C59A4A /* Nunito-SemiBoldItalic.ttf in Resources */ = {isa = PBXBuildFile; fileRef = 24C301EA2817BAC200C59A4A /* Nunito-SemiBoldItalic.ttf */; };
		24C301FA2817BAC300C59A4A /* Nunito-BlackItalic.ttf in Resources */ = {isa = PBXBuildFile; fileRef = 24C301EB2817BAC200C59A4A /* Nunito-BlackItalic.ttf */; };
		24C301FB2817BAC300C59A4A /* OFL.txt in Resources */ = {isa = PBXBuildFile; fileRef = 24C301EC2817BAC200C59A4A /* OFL.txt */; };
		24C301FC2817BAC300C59A4A /* Nunito-Italic.ttf in Resources */ = {isa = PBXBuildFile; fileRef = 24C301ED2817BAC200C59A4A /* Nunito-Italic.ttf */; };
		24C301FD2817BAC300C59A4A /* Nunito-LightItalic.ttf in Resources */ = {isa = PBXBuildFile; fileRef = 24C301EE2817BAC200C59A4A /* Nunito-LightItalic.ttf */; };
/* End PBXBuildFile section */

/* Begin PBXFileReference section */
		249761692813D42D00040589 /* Calculator.app */ = {isa = PBXFileReference; explicitFileType = wrapper.application; includeInIndex = 0; path = Calculator.app; sourceTree = BUILT_PRODUCTS_DIR; };
		2497616C2813D42D00040589 /* AppDelegate.swift */ = {isa = PBXFileReference; lastKnownFileType = sourcecode.swift; path = AppDelegate.swift; sourceTree = "<group>"; };
		2497616E2813D42D00040589 /* SceneDelegate.swift */ = {isa = PBXFileReference; lastKnownFileType = sourcecode.swift; path = SceneDelegate.swift; sourceTree = "<group>"; };
		249761702813D42D00040589 /* ViewController.swift */ = {isa = PBXFileReference; lastKnownFileType = sourcecode.swift; path = ViewController.swift; sourceTree = "<group>"; };
		249761732813D42D00040589 /* Base */ = {isa = PBXFileReference; lastKnownFileType = file.storyboard; name = Base; path = Base.lproj/Main.storyboard; sourceTree = "<group>"; };
		249761752813D42F00040589 /* Assets.xcassets */ = {isa = PBXFileReference; lastKnownFileType = folder.assetcatalog; path = Assets.xcassets; sourceTree = "<group>"; };
		249761782813D42F00040589 /* Base */ = {isa = PBXFileReference; lastKnownFileType = file.storyboard; name = Base; path = Base.lproj/LaunchScreen.storyboard; sourceTree = "<group>"; };
		2497617A2813D42F00040589 /* Info.plist */ = {isa = PBXFileReference; lastKnownFileType = text.plist.xml; path = Info.plist; sourceTree = "<group>"; };
		249761812813D5DF00040589 /* CalculatorViewController.swift */ = {isa = PBXFileReference; lastKnownFileType = sourcecode.swift; path = CalculatorViewController.swift; sourceTree = "<group>"; };
		249761842813D6D100040589 /* KeyboardViewController.swift */ = {isa = PBXFileReference; lastKnownFileType = sourcecode.swift; path = KeyboardViewController.swift; sourceTree = "<group>"; };
		249761882813D6EB00040589 /* BoardViewController.swift */ = {isa = PBXFileReference; lastKnownFileType = sourcecode.swift; path = BoardViewController.swift; sourceTree = "<group>"; };
		2497618C2813DB3B00040589 /* KeyCollectionViewCell.swift */ = {isa = PBXFileReference; lastKnownFileType = sourcecode.swift; path = KeyCollectionViewCell.swift; sourceTree = "<group>"; };
		24C301E02817BAC200C59A4A /* Nunito-ExtraBoldItalic.ttf */ = {isa = PBXFileReference; lastKnownFileType = file; path = "Nunito-ExtraBoldItalic.ttf"; sourceTree = "<group>"; };
		24C301E12817BAC200C59A4A /* Nunito-ExtraBold.ttf */ = {isa = PBXFileReference; lastKnownFileType = file; path = "Nunito-ExtraBold.ttf"; sourceTree = "<group>"; };
		24C301E22817BAC200C59A4A /* Nunito-ExtraLightItalic.ttf */ = {isa = PBXFileReference; lastKnownFileType = file; path = "Nunito-ExtraLightItalic.ttf"; sourceTree = "<group>"; };
		24C301E32817BAC200C59A4A /* Nunito-Light.ttf */ = {isa = PBXFileReference; lastKnownFileType = file; path = "Nunito-Light.ttf"; sourceTree = "<group>"; };
		24C301E42817BAC200C59A4A /* Nunito-Regular.ttf */ = {isa = PBXFileReference; lastKnownFileType = file; path = "Nunito-Regular.ttf"; sourceTree = "<group>"; };
		24C301E52817BAC200C59A4A /* Nunito-SemiBold.ttf */ = {isa = PBXFileReference; lastKnownFileType = file; path = "Nunito-SemiBold.ttf"; sourceTree = "<group>"; };
		24C301E62817BAC200C59A4A /* Nunito-Bold.ttf */ = {isa = PBXFileReference; lastKnownFileType = file; path = "Nunito-Bold.ttf"; sourceTree = "<group>"; };
		24C301E72817BAC200C59A4A /* Nunito-BoldItalic.ttf */ = {isa = PBXFileReference; lastKnownFileType = file; path = "Nunito-BoldItalic.ttf"; sourceTree = "<group>"; };
		24C301E82817BAC200C59A4A /* Nunito-Black.ttf */ = {isa = PBXFileReference; lastKnownFileType = file; path = "Nunito-Black.ttf"; sourceTree = "<group>"; };
		24C301E92817BAC200C59A4A /* Nunito-ExtraLight.ttf */ = {isa = PBXFileReference; lastKnownFileType = file; path = "Nunito-ExtraLight.ttf"; sourceTree = "<group>"; };
		24C301EA2817BAC200C59A4A /* Nunito-SemiBoldItalic.ttf */ = {isa = PBXFileReference; lastKnownFileType = file; path = "Nunito-SemiBoldItalic.ttf"; sourceTree = "<group>"; };
		24C301EB2817BAC200C59A4A /* Nunito-BlackItalic.ttf */ = {isa = PBXFileReference; lastKnownFileType = file; path = "Nunito-BlackItalic.ttf"; sourceTree = "<group>"; };
		24C301EC2817BAC200C59A4A /* OFL.txt */ = {isa = PBXFileReference; fileEncoding = 4; lastKnownFileType = text; path = OFL.txt; sourceTree = "<group>"; };
		24C301ED2817BAC200C59A4A /* Nunito-Italic.ttf */ = {isa = PBXFileReference; lastKnownFileType = file; path = "Nunito-Italic.ttf"; sourceTree = "<group>"; };
		24C301EE2817BAC200C59A4A /* Nunito-LightItalic.ttf */ = {isa = PBXFileReference; lastKnownFileType = file; path = "Nunito-LightItalic.ttf"; sourceTree = "<group>"; };
/* End PBXFileReference section */

/* Begin PBXFrameworksBuildPhase section */
		249761662813D42D00040589 /* Frameworks */ = {
			isa = PBXFrameworksBuildPhase;
			buildActionMask = 2147483647;
			files = (
			);
			runOnlyForDeploymentPostprocessing = 0;
		};
/* End PBXFrameworksBuildPhase section */

/* Begin PBXGroup section */
		249761602813D42D00040589 = {
			isa = PBXGroup;
			children = (
				2497616B2813D42D00040589 /* Calculator */,
				2497616A2813D42D00040589 /* Products */,
			);
			sourceTree = "<group>";
		};
		2497616A2813D42D00040589 /* Products */ = {
			isa = PBXGroup;
			children = (
				249761692813D42D00040589 /* Calculator.app */,
			);
			name = Products;
			sourceTree = "<group>";
		};
		2497616B2813D42D00040589 /* Calculator */ = {
			isa = PBXGroup;
			children = (
				24C301DF2817BAC200C59A4A /* Nunito */,
				249761882813D6EB00040589 /* BoardViewController.swift */,
				249761842813D6D100040589 /* KeyboardViewController.swift */,
				2497618C2813DB3B00040589 /* KeyCollectionViewCell.swift */,
				249761812813D5DF00040589 /* CalculatorViewController.swift */,
				2497616C2813D42D00040589 /* AppDelegate.swift */,
				2497616E2813D42D00040589 /* SceneDelegate.swift */,
				249761702813D42D00040589 /* ViewController.swift */,
				249761722813D42D00040589 /* Main.storyboard */,
				249761752813D42F00040589 /* Assets.xcassets */,
				249761772813D42F00040589 /* LaunchScreen.storyboard */,
				2497617A2813D42F00040589 /* Info.plist */,
			);
			path = Calculator;
			sourceTree = "<group>";
		};
		24C301DF2817BAC200C59A4A /* Nunito */ = {
			isa = PBXGroup;
			children = (
				24C301E02817BAC200C59A4A /* Nunito-ExtraBoldItalic.ttf */,
				24C301E12817BAC200C59A4A /* Nunito-ExtraBold.ttf */,
				24C301E22817BAC200C59A4A /* Nunito-ExtraLightItalic.ttf */,
				24C301E32817BAC200C59A4A /* Nunito-Light.ttf */,
				24C301E42817BAC200C59A4A /* Nunito-Regular.ttf */,
				24C301E52817BAC200C59A4A /* Nunito-SemiBold.ttf */,
				24C301E62817BAC200C59A4A /* Nunito-Bold.ttf */,
				24C301E72817BAC200C59A4A /* Nunito-BoldItalic.ttf */,
				24C301E82817BAC200C59A4A /* Nunito-Black.ttf */,
				24C301E92817BAC200C59A4A /* Nunito-ExtraLight.ttf */,
				24C301EA2817BAC200C59A4A /* Nunito-SemiBoldItalic.ttf */,
				24C301EB2817BAC200C59A4A /* Nunito-BlackItalic.ttf */,
				24C301EC2817BAC200C59A4A /* OFL.txt */,
				24C301ED2817BAC200C59A4A /* Nunito-Italic.ttf */,
				24C301EE2817BAC200C59A4A /* Nunito-LightItalic.ttf */,
			);
			path = Nunito;
			sourceTree = "<group>";
		};
/* End PBXGroup section */

/* Begin PBXNativeTarget section */
		249761682813D42D00040589 /* Calculator */ = {
			isa = PBXNativeTarget;
			buildConfigurationList = 2497617D2813D42F00040589 /* Build configuration list for PBXNativeTarget "Calculator" */;
			buildPhases = (
				249761652813D42D00040589 /* Sources */,
				249761662813D42D00040589 /* Frameworks */,
				249761672813D42D00040589 /* Resources */,
			);
			buildRules = (
			);
			dependencies = (
			);
			name = Calculator;
			productName = Calculator;
			productReference = 249761692813D42D00040589 /* Calculator.app */;
			productType = "com.apple.product-type.application";
		};
/* End PBXNativeTarget section */

/* Begin PBXProject section */
		249761612813D42D00040589 /* Project object */ = {
			isa = PBXProject;
			attributes = {
				LastSwiftUpdateCheck = 1240;
				LastUpgradeCheck = 1240;
				TargetAttributes = {
					249761682813D42D00040589 = {
						CreatedOnToolsVersion = 12.4;
					};
				};
			};
			buildConfigurationList = 249761642813D42D00040589 /* Build configuration list for PBXProject "Calculator" */;
			compatibilityVersion = "Xcode 9.3";
			developmentRegion = en;
			hasScannedForEncodings = 0;
			knownRegions = (
				en,
				Base,
			);
			mainGroup = 249761602813D42D00040589;
			productRefGroup = 2497616A2813D42D00040589 /* Products */;
			projectDirPath = "";
			projectRoot = "";
			targets = (
				249761682813D42D00040589 /* Calculator */,
			);
		};
/* End PBXProject section */

/* Begin PBXResourcesBuildPhase section */
		249761672813D42D00040589 /* Resources */ = {
			isa = PBXResourcesBuildPhase;
			buildActionMask = 2147483647;
			files = (
				249761792813D42F00040589 /* LaunchScreen.storyboard in Resources */,
				24C301F22817BAC300C59A4A /* Nunito-Light.ttf in Resources */,
				24C301F32817BAC300C59A4A /* Nunito-Regular.ttf in Resources */,
				24C301F62817BAC300C59A4A /* Nunito-BoldItalic.ttf in Resources */,
				24C301FD2817BAC300C59A4A /* Nunito-LightItalic.ttf in Resources */,
				24C301FA2817BAC300C59A4A /* Nunito-BlackItalic.ttf in Resources */,
				24C301F42817BAC300C59A4A /* Nunito-SemiBold.ttf in Resources */,
				24C301FB2817BAC300C59A4A /* OFL.txt in Resources */,
				24C301F12817BAC300C59A4A /* Nunito-ExtraLightItalic.ttf in Resources */,
				249761762813D42F00040589 /* Assets.xcassets in Resources */,
				24C301F52817BAC300C59A4A /* Nunito-Bold.ttf in Resources */,
				24C301F92817BAC300C59A4A /* Nunito-SemiBoldItalic.ttf in Resources */,
				24C301F02817BAC300C59A4A /* Nunito-ExtraBold.ttf in Resources */,
				249761742813D42D00040589 /* Main.storyboard in Resources */,
				24C301EF2817BAC300C59A4A /* Nunito-ExtraBoldItalic.ttf in Resources */,
				24C301F72817BAC300C59A4A /* Nunito-Black.ttf in Resources */,
				24C301F82817BAC300C59A4A /* Nunito-ExtraLight.ttf in Resources */,
				24C301FC2817BAC300C59A4A /* Nunito-Italic.ttf in Resources */,
			);
			runOnlyForDeploymentPostprocessing = 0;
		};
/* End PBXResourcesBuildPhase section */

/* Begin PBXSourcesBuildPhase section */
		249761652813D42D00040589 /* Sources */ = {
			isa = PBXSourcesBuildPhase;
			buildActionMask = 2147483647;
			files = (
				249761712813D42D00040589 /* ViewController.swift in Sources */,
				249761852813D6D100040589 /* KeyboardViewController.swift in Sources */,
				2497616D2813D42D00040589 /* AppDelegate.swift in Sources */,
				249761822813D5DF00040589 /* CalculatorViewController.swift in Sources */,
				2497616F2813D42D00040589 /* SceneDelegate.swift in Sources */,
				249761892813D6EB00040589 /* BoardViewController.swift in Sources */,
				2497618D2813DB3B00040589 /* KeyCollectionViewCell.swift in Sources */,
			);
			runOnlyForDeploymentPostprocessing = 0;
		};
/* End PBXSourcesBuildPhase section */

/* Begin PBXVariantGroup section */
		249761722813D42D00040589 /* Main.storyboard */ = {
			isa = PBXVariantGroup;
			children = (
				249761732813D42D00040589 /* Base */,
			);
			name = Main.storyboard;
			sourceTree = "<group>";
		};
		249761772813D42F00040589 /* LaunchScreen.storyboard */ = {
			isa = PBXVariantGroup;
			children = (
				249761782813D42F00040589 /* Base */,
			);
			name = LaunchScreen.storyboard;
			sourceTree = "<group>";
		};
/* End PBXVariantGroup section */

/* Begin XCBuildConfiguration section */
		2497617B2813D42F00040589 /* Debug */ = {
			isa = XCBuildConfiguration;
			buildSettings = {
				ALWAYS_SEARCH_USER_PATHS = NO;
				CLANG_ANALYZER_NONNULL = YES;
				CLANG_ANALYZER_NUMBER_OBJECT_CONVERSION = YES_AGGRESSIVE;
				CLANG_CXX_LANGUAGE_STANDARD = "gnu++14";
				CLANG_CXX_LIBRARY = "libc++";
				CLANG_ENABLE_MODULES = YES;
				CLANG_ENABLE_OBJC_ARC = YES;
				CLANG_ENABLE_OBJC_WEAK = YES;
				CLANG_WARN_BLOCK_CAPTURE_AUTORELEASING = YES;
				CLANG_WARN_BOOL_CONVERSION = YES;
				CLANG_WARN_COMMA = YES;
				CLANG_WARN_CONSTANT_CONVERSION = YES;
				CLANG_WARN_DEPRECATED_OBJC_IMPLEMENTATIONS = YES;
				CLANG_WARN_DIRECT_OBJC_ISA_USAGE = YES_ERROR;
				CLANG_WARN_DOCUMENTATION_COMMENTS = YES;
				CLANG_WARN_EMPTY_BODY = YES;
				CLANG_WARN_ENUM_CONVERSION = YES;
				CLANG_WARN_INFINITE_RECURSION = YES;
				CLANG_WARN_INT_CONVERSION = YES;
				CLANG_WARN_NON_LITERAL_NULL_CONVERSION = YES;
				CLANG_WARN_OBJC_IMPLICIT_RETAIN_SELF = YES;
				CLANG_WARN_OBJC_LITERAL_CONVERSION = YES;
				CLANG_WARN_OBJC_ROOT_CLASS = YES_ERROR;
				CLANG_WARN_QUOTED_INCLUDE_IN_FRAMEWORK_HEADER = YES;
				CLANG_WARN_RANGE_LOOP_ANALYSIS = YES;
				CLANG_WARN_STRICT_PROTOTYPES = YES;
				CLANG_WARN_SUSPICIOUS_MOVE = YES;
				CLANG_WARN_UNGUARDED_AVAILABILITY = YES_AGGRESSIVE;
				CLANG_WARN_UNREACHABLE_CODE = YES;
				CLANG_WARN__DUPLICATE_METHOD_MATCH = YES;
				COPY_PHASE_STRIP = NO;
				DEBUG_INFORMATION_FORMAT = dwarf;
				ENABLE_STRICT_OBJC_MSGSEND = YES;
				ENABLE_TESTABILITY = YES;
				GCC_C_LANGUAGE_STANDARD = gnu11;
				GCC_DYNAMIC_NO_PIC = NO;
				GCC_NO_COMMON_BLOCKS = YES;
				GCC_OPTIMIZATION_LEVEL = 0;
				GCC_PREPROCESSOR_DEFINITIONS = (
					"DEBUG=1",
					"$(inherited)",
				);
				GCC_WARN_64_TO_32_BIT_CONVERSION = YES;
				GCC_WARN_ABOUT_RETURN_TYPE = YES_ERROR;
				GCC_WARN_UNDECLARED_SELECTOR = YES;
				GCC_WARN_UNINITIALIZED_AUTOS = YES_AGGRESSIVE;
				GCC_WARN_UNUSED_FUNCTION = YES;
				GCC_WARN_UNUSED_VARIABLE = YES;
				IPHONEOS_DEPLOYMENT_TARGET = 14.4;
				MTL_ENABLE_DEBUG_INFO = INCLUDE_SOURCE;
				MTL_FAST_MATH = YES;
				ONLY_ACTIVE_ARCH = YES;
				SDKROOT = iphoneos;
				SWIFT_ACTIVE_COMPILATION_CONDITIONS = DEBUG;
				SWIFT_OPTIMIZATION_LEVEL = "-Onone";
			};
			name = Debug;
		};
		2497617C2813D42F00040589 /* Release */ = {
			isa = XCBuildConfiguration;
			buildSettings = {
				ALWAYS_SEARCH_USER_PATHS = NO;
				CLANG_ANALYZER_NONNULL = YES;
				CLANG_ANALYZER_NUMBER_OBJECT_CONVERSION = YES_AGGRESSIVE;
				CLANG_CXX_LANGUAGE_STANDARD = "gnu++14";
				CLANG_CXX_LIBRARY = "libc++";
				CLANG_ENABLE_MODULES = YES;
				CLANG_ENABLE_OBJC_ARC = YES;
				CLANG_ENABLE_OBJC_WEAK = YES;
				CLANG_WARN_BLOCK_CAPTURE_AUTORELEASING = YES;
				CLANG_WARN_BOOL_CONVERSION = YES;
				CLANG_WARN_COMMA = YES;
				CLANG_WARN_CONSTANT_CONVERSION = YES;
				CLANG_WARN_DEPRECATED_OBJC_IMPLEMENTATIONS = YES;
				CLANG_WARN_DIRECT_OBJC_ISA_USAGE = YES_ERROR;
				CLANG_WARN_DOCUMENTATION_COMMENTS = YES;
				CLANG_WARN_EMPTY_BODY = YES;
				CLANG_WARN_ENUM_CONVERSION = YES;
				CLANG_WARN_INFINITE_RECURSION = YES;
				CLANG_WARN_INT_CONVERSION = YES;
				CLANG_WARN_NON_LITERAL_NULL_CONVERSION = YES;
				CLANG_WARN_OBJC_IMPLICIT_RETAIN_SELF = YES;
				CLANG_WARN_OBJC_LITERAL_CONVERSION = YES;
				CLANG_WARN_OBJC_ROOT_CLASS = YES_ERROR;
				CLANG_WARN_QUOTED_INCLUDE_IN_FRAMEWORK_HEADER = YES;
				CLANG_WARN_RANGE_LOOP_ANALYSIS = YES;
				CLANG_WARN_STRICT_PROTOTYPES = YES;
				CLANG_WARN_SUSPICIOUS_MOVE = YES;
				CLANG_WARN_UNGUARDED_AVAILABILITY = YES_AGGRESSIVE;
				CLANG_WARN_UNREACHABLE_CODE = YES;
				CLANG_WARN__DUPLICATE_METHOD_MATCH = YES;
				COPY_PHASE_STRIP = NO;
				DEBUG_INFORMATION_FORMAT = "dwarf-with-dsym";
				ENABLE_NS_ASSERTIONS = NO;
				ENABLE_STRICT_OBJC_MSGSEND = YES;
				GCC_C_LANGUAGE_STANDARD = gnu11;
				GCC_NO_COMMON_BLOCKS = YES;
				GCC_WARN_64_TO_32_BIT_CONVERSION = YES;
				GCC_WARN_ABOUT_RETURN_TYPE = YES_ERROR;
				GCC_WARN_UNDECLARED_SELECTOR = YES;
				GCC_WARN_UNINITIALIZED_AUTOS = YES_AGGRESSIVE;
				GCC_WARN_UNUSED_FUNCTION = YES;
				GCC_WARN_UNUSED_VARIABLE = YES;
				IPHONEOS_DEPLOYMENT_TARGET = 14.4;
				MTL_ENABLE_DEBUG_INFO = NO;
				MTL_FAST_MATH = YES;
				SDKROOT = iphoneos;
				SWIFT_COMPILATION_MODE = wholemodule;
				SWIFT_OPTIMIZATION_LEVEL = "-O";
				VALIDATE_PRODUCT = YES;
			};
			name = Release;
		};
		2497617E2813D42F00040589 /* Debug */ = {
			isa = XCBuildConfiguration;
			buildSettings = {
				ASSETCATALOG_COMPILER_APPICON_NAME = AppIcon;
				ASSETCATALOG_COMPILER_GLOBAL_ACCENT_COLOR_NAME = AccentColor;
				CODE_SIGN_STYLE = Automatic;
				DEVELOPMENT_TEAM = M2C365PDF2;
				INFOPLIST_FILE = Calculator/Info.plist;
				IPHONEOS_DEPLOYMENT_TARGET = 14.3;
				LD_RUNPATH_SEARCH_PATHS = (
					"$(inherited)",
					"@executable_path/Frameworks",
				);
				PRODUCT_BUNDLE_IDENTIFIER = com.angus.Calculator;
				PRODUCT_NAME = "$(TARGET_NAME)";
				SWIFT_VERSION = 5.0;
				TARGETED_DEVICE_FAMILY = "1,2";
			};
			name = Debug;
		};
		2497617F2813D42F00040589 /* Release */ = {
			isa = XCBuildConfiguration;
			buildSettings = {
				ASSETCATALOG_COMPILER_APPICON_NAME = AppIcon;
				ASSETCATALOG_COMPILER_GLOBAL_ACCENT_COLOR_NAME = AccentColor;
				CODE_SIGN_STYLE = Automatic;
				DEVELOPMENT_TEAM = M2C365PDF2;
				INFOPLIST_FILE = Calculator/Info.plist;
				IPHONEOS_DEPLOYMENT_TARGET = 14.3;
				LD_RUNPATH_SEARCH_PATHS = (
					"$(inherited)",
					"@executable_path/Frameworks",
				);
				PRODUCT_BUNDLE_IDENTIFIER = com.angus.Calculator;
				PRODUCT_NAME = "$(TARGET_NAME)";
				SWIFT_VERSION = 5.0;
				TARGETED_DEVICE_FAMILY = "1,2";
			};
			name = Release;
		};
/* End XCBuildConfiguration section */

/* Begin XCConfigurationList section */
		249761642813D42D00040589 /* Build configuration list for PBXProject "Calculator" */ = {
			isa = XCConfigurationList;
			buildConfigurations = (
				2497617B2813D42F00040589 /* Debug */,
				2497617C2813D42F00040589 /* Release */,
			);
			defaultConfigurationIsVisible = 0;
			defaultConfigurationName = Release;
		};
		2497617D2813D42F00040589 /* Build configuration list for PBXNativeTarget "Calculator" */ = {
			isa = XCConfigurationList;
			buildConfigurations = (
				2497617E2813D42F00040589 /* Debug */,
				2497617F2813D42F00040589 /* Release */,
			);
			defaultConfigurationIsVisible = 0;
			defaultConfigurationName = Release;
		};
/* End XCConfigurationList section */
	};
	rootObject = 249761612813D42D00040589 /* Project object */;
}
